
Microsoft Visual Studio Solution File, Format Version 12.00
# Visual Studio Version 17
VisualStudioVersion = 17.1.32421.90
MinimumVisualStudioVersion = 10.0.40219.1
Project("{9A19103F-16F7-4668-BE54-9A1E7A4F7556}") = "Notadesigner.Approximato.Windows", "Notadesigner.Approximato.Windows\Notadesigner.Approximato.Windows.csproj", "{2109654E-D07A-4059-B71B-A0955D343502}"
EndProject
Project("{9A19103F-16F7-4668-BE54-9A1E7A4F7556}") = "Notadesigner.Approximato.Core", "Notadesigner.Approximato.Core\Notadesigner.Approximato.Core.csproj", "{7D3EF989-1CA8-40A2-9BA7-62ACFF1216FA}"
EndProject
Project("{9A19103F-16F7-4668-BE54-9A1E7A4F7556}") = "Notadesigner.Approximato.Messaging", "Notadesigner.Approximato.Messaging\Notadesigner.Approximato.Messaging.csproj", "{6FB14C7E-B93B-4478-A433-7EC5F8872B61}"
EndProject
Project("{9A19103F-16F7-4668-BE54-9A1E7A4F7556}") = "Notadesigner.Approximato.Data", "Notadesigner.Approximato.Data\Notadesigner.Approximato.Data.csproj", "{01D90114-D372-443C-B5C4-71161C8E4AF0}"
EndProject
Global
	GlobalSection(SolutionConfigurationPlatforms) = preSolution
		Debug|Any CPU = Debug|Any CPU
		Release|Any CPU = Release|Any CPU
	EndGlobalSection
	GlobalSection(ProjectConfigurationPlatforms) = postSolution
		{2109654E-D07A-4059-B71B-A0955D343502}.Debug|Any CPU.ActiveCfg = Debug|Any CPU
		{2109654E-D07A-4059-B71B-A0955D343502}.Debug|Any CPU.Build.0 = Debug|Any CPU
		{2109654E-D07A-4059-B71B-A0955D343502}.Release|Any CPU.ActiveCfg = Release|Any CPU
		{2109654E-D07A-4059-B71B-A0955D343502}.Release|Any CPU.Build.0 = Release|Any CPU
		{7D3EF989-1CA8-40A2-9BA7-62ACFF1216FA}.Debug|Any CPU.ActiveCfg = Debug|Any CPU
		{7D3EF989-1CA8-40A2-9BA7-62ACFF1216FA}.Debug|Any CPU.Build.0 = Debug|Any CPU
		{7D3EF989-1CA8-40A2-9BA7-62ACFF1216FA}.Release|Any CPU.ActiveCfg = Release|Any CPU
		{7D3EF989-1CA8-40A2-9BA7-62ACFF1216FA}.Release|Any CPU.Build.0 = Release|Any CPU
		{6FB14C7E-B93B-4478-A433-7EC5F8872B61}.Debug|Any CPU.ActiveCfg = Debug|Any CPU
		{6FB14C7E-B93B-4478-A433-7EC5F8872B61}.Debug|Any CPU.Build.0 = Debug|Any CPU
		{6FB14C7E-B93B-4478-A433-7EC5F8872B61}.Release|Any CPU.ActiveCfg = Release|Any CPU
		{6FB14C7E-B93B-4478-A433-7EC5F8872B61}.Release|Any CPU.Build.0 = Release|Any CPU
		{01D90114-D372-443C-B5C4-71161C8E4AF0}.Debug|Any CPU.ActiveCfg = Debug|Any CPU
		{01D90114-D372-443C-B5C4-71161C8E4AF0}.Debug|Any CPU.Build.0 = Debug|Any CPU
		{01D90114-D372-443C-B5C4-71161C8E4AF0}.Release|Any CPU.ActiveCfg = Release|Any CPU
		{01D90114-D372-443C-B5C4-71161C8E4AF0}.Release|Any CPU.Build.0 = Release|Any CPU
	EndGlobalSection
	GlobalSection(SolutionProperties) = preSolution
		HideSolutionNode = FALSE
	EndGlobalSection
	GlobalSection(ExtensibilityGlobals) = postSolution
		SolutionGuid = {699775CF-3675-4660-BA48-AB56A52BD9BF}
	EndGlobalSection
EndGlobal
